
Microsoft Visual Studio Solution File, Format Version 12.00
# Visual Studio 15
VisualStudioVersion = 15.0.27130.2027
MinimumVisualStudioVersion = 10.0.40219.1
Project("{FAE04EC0-301F-11D3-BF4B-00C04F79EFBC}") = "FootTimeLine.EventCollectorTest", "FootTimeLine.EventCollectorTest\FootTimeLine.EventCollectorTest.csproj", "{8FFCB468-F908-44A2-931A-C588FA80180E}"
EndProject
Project("{FAE04EC0-301F-11D3-BF4B-00C04F79EFBC}") = "FootTimeLine.SportDeer", "FootTimeLine.SportDeer\FootTimeLine.SportDeer.csproj", "{E2677B9D-2B31-491B-8B8E-86D5790BB5EC}"
EndProject
Project("{FAE04EC0-301F-11D3-BF4B-00C04F79EFBC}") = "FootTimeLine.Model", "FootTimeLine.Model\FootTimeLine.Model.csproj", "{6AB377D4-EA1A-456E-9904-396A78661F49}"
EndProject
Project("{FAE04EC0-301F-11D3-BF4B-00C04F79EFBC}") = "FootTimeLine.Front", "FootTimeLine.Front\FootTimeLine.Front.csproj", "{A390E10C-6FBC-482B-B822-BDF62F99C520}"
EndProject
Project("{FAE04EC0-301F-11D3-BF4B-00C04F79EFBC}") = "FootTimeLine.TweetConnector", "FootTimeLine.TweetConnector\FootTimeLine.TweetConnector.csproj", "{B610EE75-D4F4-40EB-8E5F-C6076013E041}"
EndProject
Global
	GlobalSection(SolutionConfigurationPlatforms) = preSolution
		Debug|Any CPU = Debug|Any CPU
		Release|Any CPU = Release|Any CPU
	EndGlobalSection
	GlobalSection(ProjectConfigurationPlatforms) = postSolution
		{8FFCB468-F908-44A2-931A-C588FA80180E}.Debug|Any CPU.ActiveCfg = Debug|Any CPU
		{8FFCB468-F908-44A2-931A-C588FA80180E}.Debug|Any CPU.Build.0 = Debug|Any CPU
		{8FFCB468-F908-44A2-931A-C588FA80180E}.Release|Any CPU.ActiveCfg = Release|Any CPU
		{8FFCB468-F908-44A2-931A-C588FA80180E}.Release|Any CPU.Build.0 = Release|Any CPU
		{E2677B9D-2B31-491B-8B8E-86D5790BB5EC}.Debug|Any CPU.ActiveCfg = Debug|Any CPU
		{E2677B9D-2B31-491B-8B8E-86D5790BB5EC}.Debug|Any CPU.Build.0 = Debug|Any CPU
		{E2677B9D-2B31-491B-8B8E-86D5790BB5EC}.Release|Any CPU.ActiveCfg = Release|Any CPU
		{E2677B9D-2B31-491B-8B8E-86D5790BB5EC}.Release|Any CPU.Build.0 = Release|Any CPU
		{6AB377D4-EA1A-456E-9904-396A78661F49}.Debug|Any CPU.ActiveCfg = Debug|Any CPU
		{6AB377D4-EA1A-456E-9904-396A78661F49}.Debug|Any CPU.Build.0 = Debug|Any CPU
		{6AB377D4-EA1A-456E-9904-396A78661F49}.Release|Any CPU.ActiveCfg = Release|Any CPU
		{6AB377D4-EA1A-456E-9904-396A78661F49}.Release|Any CPU.Build.0 = Release|Any CPU
		{A390E10C-6FBC-482B-B822-BDF62F99C520}.Debug|Any CPU.ActiveCfg = Debug|Any CPU
		{A390E10C-6FBC-482B-B822-BDF62F99C520}.Debug|Any CPU.Build.0 = Debug|Any CPU
		{A390E10C-6FBC-482B-B822-BDF62F99C520}.Release|Any CPU.ActiveCfg = Release|Any CPU
		{A390E10C-6FBC-482B-B822-BDF62F99C520}.Release|Any CPU.Build.0 = Release|Any CPU
		{B610EE75-D4F4-40EB-8E5F-C6076013E041}.Debug|Any CPU.ActiveCfg = Debug|Any CPU
		{B610EE75-D4F4-40EB-8E5F-C6076013E041}.Debug|Any CPU.Build.0 = Debug|Any CPU
		{B610EE75-D4F4-40EB-8E5F-C6076013E041}.Release|Any CPU.ActiveCfg = Release|Any CPU
		{B610EE75-D4F4-40EB-8E5F-C6076013E041}.Release|Any CPU.Build.0 = Release|Any CPU
	EndGlobalSection
	GlobalSection(SolutionProperties) = preSolution
		HideSolutionNode = FALSE
	EndGlobalSection
	GlobalSection(ExtensibilityGlobals) = postSolution
		SolutionGuid = {A3D993B2-6943-4EB9-9923-8F7EBB4633A0}
	EndGlobalSection
EndGlobal
